
Microsoft Visual Studio Solution File, Format Version 12.00
# Visual Studio 15
VisualStudioVersion = 15.0.26430.13
MinimumVisualStudioVersion = 10.0.40219.1
Project("{FAE04EC0-301F-11D3-BF4B-00C04F79EFBC}") = "ProgrammingMeeting1_CSharp", "ProgrammingMeeting1\ProgrammingMeeting1_CSharp.csproj", "{CFFB21D6-8D25-4100-8391-41744EDB4DDD}"
EndProject
Project("{F2A71F9B-5D33-465A-A702-920D77279786}") = "ProgrammingMeeting1_FSharp", "ProgrammingMeeting1_FSharp\ProgrammingMeeting1_FSharp.fsproj", "{1E99BF0C-B537-4D57-BCAF-14642C5BC295}"
EndProject
Project("{888888A0-9F3D-457C-B088-3A5042F75D52}") = "ProgrammingMeeting1_Python", "ProgrammingMeeting1_Python\ProgrammingMeeting1_Python.pyproj", "{E608C3C9-0E91-4CB4-86C9-0760708E10C7}"
EndProject
Project("{888888A0-9F3D-457C-B088-3A5042F75D52}") = "ProgrammingMeeting2_Python", "ProgrammingMeeting2_Python\ProgrammingMeeting2_Python.pyproj", "{6D25E092-B048-4D34-A93B-6068C9DDF1E7}"
EndProject
Global
	GlobalSection(SolutionConfigurationPlatforms) = preSolution
		Debug|Any CPU = Debug|Any CPU
		Release|Any CPU = Release|Any CPU
	EndGlobalSection
	GlobalSection(ProjectConfigurationPlatforms) = postSolution
		{CFFB21D6-8D25-4100-8391-41744EDB4DDD}.Debug|Any CPU.ActiveCfg = Debug|Any CPU
		{CFFB21D6-8D25-4100-8391-41744EDB4DDD}.Debug|Any CPU.Build.0 = Debug|Any CPU
		{CFFB21D6-8D25-4100-8391-41744EDB4DDD}.Release|Any CPU.ActiveCfg = Release|Any CPU
		{CFFB21D6-8D25-4100-8391-41744EDB4DDD}.Release|Any CPU.Build.0 = Release|Any CPU
		{1E99BF0C-B537-4D57-BCAF-14642C5BC295}.Debug|Any CPU.ActiveCfg = Debug|Any CPU
		{1E99BF0C-B537-4D57-BCAF-14642C5BC295}.Debug|Any CPU.Build.0 = Debug|Any CPU
		{1E99BF0C-B537-4D57-BCAF-14642C5BC295}.Release|Any CPU.ActiveCfg = Release|Any CPU
		{1E99BF0C-B537-4D57-BCAF-14642C5BC295}.Release|Any CPU.Build.0 = Release|Any CPU
		{E608C3C9-0E91-4CB4-86C9-0760708E10C7}.Debug|Any CPU.ActiveCfg = Debug|Any CPU
		{E608C3C9-0E91-4CB4-86C9-0760708E10C7}.Release|Any CPU.ActiveCfg = Release|Any CPU
		{6D25E092-B048-4D34-A93B-6068C9DDF1E7}.Debug|Any CPU.ActiveCfg = Debug|Any CPU
		{6D25E092-B048-4D34-A93B-6068C9DDF1E7}.Release|Any CPU.ActiveCfg = Release|Any CPU
	EndGlobalSection
	GlobalSection(SolutionProperties) = preSolution
		HideSolutionNode = FALSE
	EndGlobalSection
EndGlobal
